# THIS IS AN AUTOGENERATED FILE. DO NOT EDIT THIS FILE DIRECTLY.
# yarn lockfile v1


"@react-native-community/progress-bar-android@^1.0.2":
  version "1.0.2"
  resolved "https://registry.yarnpkg.com/@react-native-community/progress-bar-android/-/progress-bar-android-1.0.2.tgz#70fac5bf8ad92f8d8025db0841d1371c78db1e84"
  integrity sha512-0RJK+y1CWMWios7evoQeYaX9SjaFafAWECAr6fmbaG0ISgsDTTQMswFT1O6+VITdm0GlS5F+q0vfCrPOkDispQ==

"@react-native-community/progress-view@^1.0.2":
  version "1.0.2"
  resolved "https://registry.yarnpkg.com/@react-native-community/progress-view/-/progress-view-1.0.2.tgz#41c5823e2797140d77b07949121cebb65f30e19c"
  integrity sha512-E5KQ2OQ3ET7ABs4tgE5Byv7nPoUEA9su9/gY6PdyP4rjs+Q9F4Gmma+0pXJV7GIK7oBu0d1eU9fevC6hisRVtQ==

"js-tokens@^3.0.0 || ^4.0.0":
  version "4.0.0"
  resolved "https://registry.yarnpkg.com/js-tokens/-/js-tokens-4.0.0.tgz#19203fb59991df98e3a287050d4647cdeaf32499"
  integrity sha512-RdJUflcE3cUzKiMqQgsCu06FPu9UdIJO0beYbPhHN4k6apgJtifcoCtT9bcxOpYBtpD2kCM6Sbzg4CausW/PKQ==

loose-envify@^1.4.0:
  version "1.4.0"
  resolved "https://registry.yarnpkg.com/loose-envify/-/loose-envify-1.4.0.tgz#71ee51fa7be4caec1a63839f7e682d8132d30caf"
  integrity sha512-lyuxPGr/Wfhrlem2CL/UcnUc1zcqKAImBDzukY7Y5F/yQiNdko6+fRLevlw1HgMySw7f611UIY408EtxRSoK3Q==
  dependencies:
    js-tokens "^3.0.0 || ^4.0.0"

object-assign@^4.1.1:
  version "4.1.1"
  resolved "https://registry.yarnpkg.com/object-assign/-/object-assign-4.1.1.tgz#2109adc7965887cfc05cbbd442cac8bfbb360863"
  integrity sha1-IQmtx5ZYh8/AXLvUQsrIv7s2CGM=

prop-types@^15.5.10:
  version "15.7.2"
  resolved "https://registry.yarnpkg.com/prop-types/-/prop-types-15.7.2.tgz#52c41e75b8c87e72b9d9360e0206b99dcbffa6c5"
  integrity sha512-8QQikdH7//R2vurIJSutZ1smHYTcLpRWEOlHnzcWHmBYrOGUysKwSsrC89BCiFj3CbrfJ/nXFdJepOVrY1GCHQ==
  dependencies:
    loose-envify "^1.4.0"
    object-assign "^4.1.1"
    react-is "^16.8.1"

react-is@^16.8.1:
  version "16.13.1"
  resolved "https://registry.yarnpkg.com/react-is/-/react-is-16.13.1.tgz#789729a4dc36de2999dc156dd6c1d9c18cea56a4"
  integrity sha512-24e6ynE2H+OKt4kqsOvNd8kBpV65zoxbA4BVsEOB3ARVWQki/DHzaUoC5KuON/BiccDaCCTZBuOcfZs70kR8bQ==

react-native-material-ripple@^0.9.1:
  version "0.9.1"
  resolved "https://registry.yarnpkg.com/react-native-material-ripple/-/react-native-material-ripple-0.9.1.tgz#db1ad9dd7cf97011e4cd8475ae2041ade0f891cb"
  integrity sha512-dHjARdKoGD3LXwPh2TkURabywM5BfdpKc/AHplJTfBMalhVZ2bc7iJoJmNhNnmT/TZ+B3szL6uV1mO7Pv8zNeA==
  dependencies:
    prop-types "^15.5.10"

react-native-modalbox@^2.0.2:
  version "2.0.2"
  resolved "https://registry.yarnpkg.com/react-native-modalbox/-/react-native-modalbox-2.0.2.tgz#8a7b3d2e7be79b5d1cb9530b2c6bc535b1bc8c66"
  integrity sha512-uSuoZ+siPPNqWGyw8NXhA/Aots7mOx2+qijFoeovequY0kczZEPZDd0ARHbzg+1cE3H3AATJEwGdkVA8lUxs0g==
  dependencies:
    prop-types "^15.5.10"
