# THIS IS AN AUTOGENERATED FILE. DO NOT EDIT THIS FILE DIRECTLY.
# yarn lockfile v1


"@react-native-community/progress-bar-android@^1.0.2":
  version "1.0.2"
  resolved "https://registry.yarnpkg.com/@react-native-community/progress-bar-android/-/progress-bar-android-1.0.2.tgz#70fac5bf8ad92f8d8025db0841d1371c78db1e84"
  integrity sha512-0RJK+y1CWMWios7evoQeYaX9SjaFafAWECAr6fmbaG0ISgsDTTQMswFT1O6+VITdm0GlS5F+q0vfCrPOkDispQ==

"@react-native-community/progress-view@^1.0.2":
  version "1.0.2"
  resolved "https://registry.yarnpkg.com/@react-native-community/progress-view/-/progress-view-1.0.2.tgz#41c5823e2797140d77b07949121cebb65f30e19c"
  integrity sha512-E5KQ2OQ3ET7ABs4tgE5Byv7nPoUEA9su9/gY6PdyP4rjs+Q9F4Gmma+0pXJV7GIK7oBu0d1eU9fevC6hisRVtQ==

"@react-navigation/core@^5.15.3":
  version "5.15.3"
  resolved "https://registry.yarnpkg.com/@react-navigation/core/-/core-5.15.3.tgz#dce7090bf3ea0d302993d742c706825e495b812e"
  integrity sha512-3ZdyDInh8qg1kygCNkmh9lFgpDf29lTvPsaMe2mm/qvmxLKSgttWBz07P2fc181aV9jTdgQpzYfWZ5KWT036zw==
  dependencies:
    "@react-navigation/routers" "^5.7.2"
    escape-string-regexp "^4.0.0"
    nanoid "^3.1.15"
    query-string "^6.13.6"
    react-is "^16.13.0"

"@react-navigation/native@^5.5.1":
  version "5.9.4"
  resolved "https://registry.yarnpkg.com/@react-navigation/native/-/native-5.9.4.tgz#414c044423c58aa1cdde1b6494309e0b51da08b8"
  integrity sha512-BUCrOXfZDdKWBqM8OhOKQhCX5we4HUo5XG6tCQtVqQAep+7UcApZmMUuemUXDxVe8NPESUpoUlB0RaEpyIdfTQ==
  dependencies:
    "@react-navigation/core" "^5.15.3"
    escape-string-regexp "^4.0.0"
    nanoid "^3.1.15"

"@react-navigation/routers@^5.7.2":
  version "5.7.2"
  resolved "https://registry.yarnpkg.com/@react-navigation/routers/-/routers-5.7.2.tgz#069d0a707b30ba2e27a32b6482531d0ff7317136"
  integrity sha512-BxNSMLHpU+oS37Xok0ql6rc9U7IC8aUD4+U5ZPbjDJ0pwzZxGGh0YOEBzfV4k/Ig3cbPdvVWbc1C9HHbCVr2oQ==
  dependencies:
    nanoid "^3.1.15"

decode-uri-component@^0.2.0:
  version "0.2.0"
  resolved "https://registry.yarnpkg.com/decode-uri-component/-/decode-uri-component-0.2.0.tgz#eb3913333458775cb84cd1a1fae062106bb87545"
  integrity sha1-6zkTMzRYd1y4TNGh+uBiEGu4dUU=

escape-string-regexp@^4.0.0:
  version "4.0.0"
  resolved "https://registry.yarnpkg.com/escape-string-regexp/-/escape-string-regexp-4.0.0.tgz#14ba83a5d373e3d311e5afca29cf5bfad965bf34"
  integrity sha512-TtpcNJ3XAzx3Gq8sWRzJaVajRs0uVxA2YAkdb1jm2YkPz4G6egUFAyA3n5vtEIZefPk5Wa4UXbKuS5fKkJWdgA==

filter-obj@^1.1.0:
  version "1.1.0"
  resolved "https://registry.yarnpkg.com/filter-obj/-/filter-obj-1.1.0.tgz#9b311112bc6c6127a16e016c6c5d7f19e0805c5b"
  integrity sha1-mzERErxsYSehbgFsbF1/GeCAXFs=

"js-tokens@^3.0.0 || ^4.0.0":
  version "4.0.0"
  resolved "https://registry.yarnpkg.com/js-tokens/-/js-tokens-4.0.0.tgz#19203fb59991df98e3a287050d4647cdeaf32499"
  integrity sha512-RdJUflcE3cUzKiMqQgsCu06FPu9UdIJO0beYbPhHN4k6apgJtifcoCtT9bcxOpYBtpD2kCM6Sbzg4CausW/PKQ==

loose-envify@^1.4.0:
  version "1.4.0"
  resolved "https://registry.yarnpkg.com/loose-envify/-/loose-envify-1.4.0.tgz#71ee51fa7be4caec1a63839f7e682d8132d30caf"
  integrity sha512-lyuxPGr/Wfhrlem2CL/UcnUc1zcqKAImBDzukY7Y5F/yQiNdko6+fRLevlw1HgMySw7f611UIY408EtxRSoK3Q==
  dependencies:
    js-tokens "^3.0.0 || ^4.0.0"

nanoid@^3.1.15:
  version "3.2.0"
  resolved "https://registry.yarnpkg.com/nanoid/-/nanoid-3.2.0.tgz#62667522da6673971cca916a6d3eff3f415ff80c"
  integrity sha512-fmsZYa9lpn69Ad5eDn7FMcnnSR+8R34W9qJEijxYhTbfOWzr22n1QxCMzXLK+ODyW2973V3Fux959iQoUxzUIA==

object-assign@^4.1.1:
  version "4.1.1"
  resolved "https://registry.yarnpkg.com/object-assign/-/object-assign-4.1.1.tgz#2109adc7965887cfc05cbbd442cac8bfbb360863"
  integrity sha1-IQmtx5ZYh8/AXLvUQsrIv7s2CGM=

prop-types@^15.5.10:
  version "15.7.2"
  resolved "https://registry.yarnpkg.com/prop-types/-/prop-types-15.7.2.tgz#52c41e75b8c87e72b9d9360e0206b99dcbffa6c5"
  integrity sha512-8QQikdH7//R2vurIJSutZ1smHYTcLpRWEOlHnzcWHmBYrOGUysKwSsrC89BCiFj3CbrfJ/nXFdJepOVrY1GCHQ==
  dependencies:
    loose-envify "^1.4.0"
    object-assign "^4.1.1"
    react-is "^16.8.1"

query-string@^6.13.6:
  version "6.14.1"
  resolved "https://registry.yarnpkg.com/query-string/-/query-string-6.14.1.tgz#7ac2dca46da7f309449ba0f86b1fd28255b0c86a"
  integrity sha512-XDxAeVmpfu1/6IjyT/gXHOl+S0vQ9owggJ30hhWKdHAsNPOcasn5o9BW0eejZqL2e4vMjhAxoW3jVHcD6mbcYw==
  dependencies:
    decode-uri-component "^0.2.0"
    filter-obj "^1.1.0"
    split-on-first "^1.0.0"
    strict-uri-encode "^2.0.0"

react-is@^16.13.0, react-is@^16.8.1:
  version "16.13.1"
  resolved "https://registry.yarnpkg.com/react-is/-/react-is-16.13.1.tgz#789729a4dc36de2999dc156dd6c1d9c18cea56a4"
  integrity sha512-24e6ynE2H+OKt4kqsOvNd8kBpV65zoxbA4BVsEOB3ARVWQki/DHzaUoC5KuON/BiccDaCCTZBuOcfZs70kR8bQ==

react-native-material-ripple@^0.9.1:
  version "0.9.1"
  resolved "https://registry.yarnpkg.com/react-native-material-ripple/-/react-native-material-ripple-0.9.1.tgz#db1ad9dd7cf97011e4cd8475ae2041ade0f891cb"
  integrity sha512-dHjARdKoGD3LXwPh2TkURabywM5BfdpKc/AHplJTfBMalhVZ2bc7iJoJmNhNnmT/TZ+B3szL6uV1mO7Pv8zNeA==
  dependencies:
    prop-types "^15.5.10"

split-on-first@^1.0.0:
  version "1.1.0"
  resolved "https://registry.yarnpkg.com/split-on-first/-/split-on-first-1.1.0.tgz#f610afeee3b12bce1d0c30425e76398b78249a5f"
  integrity sha512-43ZssAJaMusuKWL8sKUBQXHWOpq8d6CfN/u1p4gUzfJkM05C8rxTmYrkIPTXapZpORA6LkkzcUulJ8FqA7Uudw==

strict-uri-encode@^2.0.0:
  version "2.0.0"
  resolved "https://registry.yarnpkg.com/strict-uri-encode/-/strict-uri-encode-2.0.0.tgz#b9c7330c7042862f6b142dc274bbcc5866ce3546"
  integrity sha1-ucczDHBChi9rFC3CdLvMWGbONUY=
